PODS:
  - Agrume (2.3.0)
  - Alamofire (3.2.0)
  - GoogleMaps (1.13.1)
  - SCLAlertView (0.5.6)
  - SwiftyJSON (2.3.2)

DEPENDENCIES:
  - Agrume (from `https://github.com/JanGorman/Agrume.git`)
  - Alamofire (<= 3.2.0)
  - GoogleMaps
  - SCLAlertView
  - SwiftyJSON (from `https://github.com/SwiftyJSON/SwiftyJSON.git`)

EXTERNAL SOURCES:
  Agrume:
    :git: https://github.com/JanGorman/Agrume.git
  SwiftyJSON:
    :git: https://github.com/SwiftyJSON/SwiftyJSON.git

CHECKOUT OPTIONS:
  Agrume:
    :commit: 72652ffb3f97737c4fcd9b4d760b3b8f1b6aa81a
    :git: https://github.com/JanGorman/Agrume.git
  SwiftyJSON:
    :commit: 2a5b70f06001316d4fb54501edc70b4084705da0
    :git: https://github.com/SwiftyJSON/SwiftyJSON.git

SPEC CHECKSUMS:
  Agrume: 7ac838a5be139db6ea452de479c417264cd5650d
  Alamofire: 4da478599fccddff361205c8929333d7fe18dceb
  GoogleMaps: 8935220056a6cc8e9ca298b4da4ae530620aa71b
  SCLAlertView: c2b916952520d96cf5e886a38053f1b8c3da502e
  SwiftyJSON: 04ccea08915aa0109039157c7974cf0298da292a

PODFILE CHECKSUM: d735904010c5497937e3f95ed312533f2a6d2528

COCOAPODS: 1.0.1
